<?xml version="1.0" encoding="utf-8"?>
<Project ToolsVersion="17.0" xmlns="http://schemas.microsoft.com/developer/msbuild/2003">
  <ItemGroup>
    <CustomBuild Include="C:\Users\quiri\Documents\C++ Projects\Minecraft\CMakeFiles\10da22777d5f23036dee6d65cdcfb503\crosshair.frag.spv.rule">
      <Filter>CMake Rules</Filter>
    </CustomBuild>
    <CustomBuild Include="C:\Users\quiri\Documents\C++ Projects\Minecraft\CMakeFiles\10da22777d5f23036dee6d65cdcfb503\crosshair.vert.spv.rule">
      <Filter>CMake Rules</Filter>
    </CustomBuild>
    <CustomBuild Include="C:\Users\quiri\Documents\C++ Projects\Minecraft\CMakeFiles\10da22777d5f23036dee6d65cdcfb503\debug.frag.spv.rule">
      <Filter>CMake Rules</Filter>
    </CustomBuild>
    <CustomBuild Include="C:\Users\quiri\Documents\C++ Projects\Minecraft\CMakeFiles\10da22777d5f23036dee6d65cdcfb503\debug.vert.spv.rule">
      <Filter>CMake Rules</Filter>
    </CustomBuild>
    <CustomBuild Include="C:\Users\quiri\Documents\C++ Projects\Minecraft\CMakeFiles\eaf8ccd6b6232ceaa72bd6ca83e61e55\shadow.rchit.spv.rule">
      <Filter>CMake Rules</Filter>
    </CustomBuild>
    <CustomBuild Include="C:\Users\quiri\Documents\C++ Projects\Minecraft\CMakeFiles\eaf8ccd6b6232ceaa72bd6ca83e61e55\shadow.rgen.spv.rule">
      <Filter>CMake Rules</Filter>
    </CustomBuild>
    <CustomBuild Include="C:\Users\quiri\Documents\C++ Projects\Minecraft\CMakeFiles\eaf8ccd6b6232ceaa72bd6ca83e61e55\shadow_occlusion.rahit.spv.rule">
      <Filter>CMake Rules</Filter>
    </CustomBuild>
    <CustomBuild Include="C:\Users\quiri\Documents\C++ Projects\Minecraft\CMakeFiles\eaf8ccd6b6232ceaa72bd6ca83e61e55\shadow_occlusion.rmiss.spv.rule">
      <Filter>CMake Rules</Filter>
    </CustomBuild>
    <CustomBuild Include="C:\Users\quiri\Documents\C++ Projects\Minecraft\CMakeFiles\eaf8ccd6b6232ceaa72bd6ca83e61e55\shadow_primary.rmiss.spv.rule">
      <Filter>CMake Rules</Filter>
    </CustomBuild>
    <CustomBuild Include="C:\Users\quiri\Documents\C++ Projects\Minecraft\CMakeFiles\10da22777d5f23036dee6d65cdcfb503\shader.frag.spv.rule">
      <Filter>CMake Rules</Filter>
    </CustomBuild>
    <CustomBuild Include="C:\Users\quiri\Documents\C++ Projects\Minecraft\CMakeFiles\10da22777d5f23036dee6d65cdcfb503\shader.vert.spv.rule">
      <Filter>CMake Rules</Filter>
    </CustomBuild>
    <CustomBuild Include="C:\Users\quiri\Documents\C++ Projects\Minecraft\CMakeFiles\d4024b264421eedc7716fb9d48949568\sky.frag.spv.rule">
      <Filter>CMake Rules</Filter>
    </CustomBuild>
    <CustomBuild Include="C:\Users\quiri\Documents\C++ Projects\Minecraft\CMakeFiles\d4024b264421eedc7716fb9d48949568\sky.vert.spv.rule">
      <Filter>CMake Rules</Filter>
    </CustomBuild>
    <CustomBuild Include="C:\Users\quiri\Documents\C++ Projects\Minecraft\CMakeFiles\10da22777d5f23036dee6d65cdcfb503\water.frag.spv.rule">
      <Filter>CMake Rules</Filter>
    </CustomBuild>
    <CustomBuild Include="C:\Users\quiri\Documents\C++ Projects\Minecraft\CMakeFiles\10da22777d5f23036dee6d65cdcfb503\water.vert.spv.rule">
      <Filter>CMake Rules</Filter>
    </CustomBuild>
    <CustomBuild Include="C:\Users\quiri\Documents\C++ Projects\Minecraft\CMakeFiles\d353df6f356187595ee293844af2e591\Shaders.rule">
      <Filter>CMake Rules</Filter>
    </CustomBuild>
    <CustomBuild Include="C:\Users\quiri\Documents\C++ Projects\Minecraft\CMakeLists.txt" />
  </ItemGroup>
  <ItemGroup>
    <None Include="C:\Users\quiri\Documents\C++ Projects\Minecraft\CMakeFiles\Shaders" />
  </ItemGroup>
  <ItemGroup>
    <Filter Include="CMake Rules">
      <UniqueIdentifier>{993697C8-7906-3C65-928F-F92AC46BF725}</UniqueIdentifier>
    </Filter>
  </ItemGroup>
</Project>
